
Microsoft Visual Studio Solution File, Format Version 12.00
# Visual Studio Version 16
VisualStudioVersion = 16.0.31624.102
MinimumVisualStudioVersion = 10.0.40219.1
Project("{FAE04EC0-301F-11D3-BF4B-00C04F79EFBC}") = "Свой тип", "Свой тип.csproj", "{C64ABDE9-3350-4D51-8D6C-3086E0C41C19}"
EndProject
Project("{FAE04EC0-301F-11D3-BF4B-00C04F79EFBC}") = "Свой типTests", "..\Свой типTests\Свой типTests.csproj", "{9AEB6EA2-B225-46BE-A17D-D91B3B5D4EB7}"
EndProject
Global
	GlobalSection(SolutionConfigurationPlatforms) = preSolution
		Debug|Any CPU = Debug|Any CPU
		Release|Any CPU = Release|Any CPU
	EndGlobalSection
	GlobalSection(ProjectConfigurationPlatforms) = postSolution
		{C64ABDE9-3350-4D51-8D6C-3086E0C41C19}.Debug|Any CPU.ActiveCfg = Debug|Any CPU
		{C64ABDE9-3350-4D51-8D6C-3086E0C41C19}.Debug|Any CPU.Build.0 = Debug|Any CPU
		{C64ABDE9-3350-4D51-8D6C-3086E0C41C19}.Release|Any CPU.ActiveCfg = Release|Any CPU
		{C64ABDE9-3350-4D51-8D6C-3086E0C41C19}.Release|Any CPU.Build.0 = Release|Any CPU
		{9AEB6EA2-B225-46BE-A17D-D91B3B5D4EB7}.Debug|Any CPU.ActiveCfg = Debug|Any CPU
		{9AEB6EA2-B225-46BE-A17D-D91B3B5D4EB7}.Debug|Any CPU.Build.0 = Debug|Any CPU
		{9AEB6EA2-B225-46BE-A17D-D91B3B5D4EB7}.Release|Any CPU.ActiveCfg = Release|Any CPU
		{9AEB6EA2-B225-46BE-A17D-D91B3B5D4EB7}.Release|Any CPU.Build.0 = Release|Any CPU
	EndGlobalSection
	GlobalSection(SolutionProperties) = preSolution
		HideSolutionNode = FALSE
	EndGlobalSection
	GlobalSection(ExtensibilityGlobals) = postSolution
		SolutionGuid = {B3213977-56BB-4853-A8F3-58D5D0D32CA1}
	EndGlobalSection
EndGlobal
